// !$*UTF8*$!
{
	archiveVersion = 1;
	classes = {
	};
	objectVersion = 50;
	objects = {

/* Begin PBXBuildFile section */
		4E8AE8C7767EDA7DB37468DD /* libPods-BookArchiveUITests.a in Frameworks */ = {isa = PBXBuildFile; fileRef = CD9EC0620869C7B6FB12D64D /* libPods-BookArchiveUITests.a */; };
		81B38359230AC84D001D4AAD /* AppDelegate.swift in Sources */ = {isa = PBXBuildFile; fileRef = 81B38358230AC84D001D4AAD /* AppDelegate.swift */; };
		81B3835B230AC84D001D4AAD /* HomeViewController.swift in Sources */ = {isa = PBXBuildFile; fileRef = 81B3835A230AC84D001D4AAD /* HomeViewController.swift */; };
		81B3835E230AC84D001D4AAD /* Main.storyboard in Resources */ = {isa = PBXBuildFile; fileRef = 81B3835C230AC84D001D4AAD /* Main.storyboard */; };
		81B38360230AC84F001D4AAD /* Assets.xcassets in Resources */ = {isa = PBXBuildFile; fileRef = 81B3835F230AC84F001D4AAD /* Assets.xcassets */; };
		81B38363230AC84F001D4AAD /* LaunchScreen.storyboard in Resources */ = {isa = PBXBuildFile; fileRef = 81B38361230AC84F001D4AAD /* LaunchScreen.storyboard */; };
		81B3836E230AC84F001D4AAD /* BookArchiveTests.swift in Sources */ = {isa = PBXBuildFile; fileRef = 81B3836D230AC84F001D4AAD /* BookArchiveTests.swift */; };
		81B38379230AC84F001D4AAD /* BookArchiveUITests.swift in Sources */ = {isa = PBXBuildFile; fileRef = 81B38378230AC84F001D4AAD /* BookArchiveUITests.swift */; };
		81B383C2230ACC18001D4AAD /* ListViewController.swift in Sources */ = {isa = PBXBuildFile; fileRef = 81B383C1230ACC18001D4AAD /* ListViewController.swift */; };
		81B383C4230ACC26001D4AAD /* DetailViewController.swift in Sources */ = {isa = PBXBuildFile; fileRef = 81B383C3230ACC26001D4AAD /* DetailViewController.swift */; };
		81B383C8230BC5D0001D4AAD /* BookModel.swift in Sources */ = {isa = PBXBuildFile; fileRef = 81B383C7230BC5D0001D4AAD /* BookModel.swift */; };
		81B383CB230BDB95001D4AAD /* APICallInterface.swift in Sources */ = {isa = PBXBuildFile; fileRef = 81B383CA230BDB95001D4AAD /* APICallInterface.swift */; };
		81B383CF230D5BD8001D4AAD /* DataFetcher.swift in Sources */ = {isa = PBXBuildFile; fileRef = 81B383CE230D5BD8001D4AAD /* DataFetcher.swift */; };
		81B383D2230D5DE6001D4AAD /* HomeViewModel.swift in Sources */ = {isa = PBXBuildFile; fileRef = 81B383D1230D5DE6001D4AAD /* HomeViewModel.swift */; };
		A1FE401F3C77DB76C87B02F7 /* libPods-BookArchiveTests.a in Frameworks */ = {isa = PBXBuildFile; fileRef = B209A910B11FE1CE1897AE0F /* libPods-BookArchiveTests.a */; };
		DD9ACB47E43716B8607ACB76 /* libPods-BookArchive.a in Frameworks */ = {isa = PBXBuildFile; fileRef = 0AF82D3AD2ECB91E311927B5 /* libPods-BookArchive.a */; };
/* End PBXBuildFile section */

/* Begin PBXContainerItemProxy section */
		81B3836A230AC84F001D4AAD /* PBXContainerItemProxy */ = {
			isa = PBXContainerItemProxy;
			containerPortal = 81B3834D230AC84D001D4AAD /* Project object */;
			proxyType = 1;
			remoteGlobalIDString = 81B38354230AC84D001D4AAD;
			remoteInfo = BookArchive;
		};
		81B38375230AC84F001D4AAD /* PBXContainerItemProxy */ = {
			isa = PBXContainerItemProxy;
			containerPortal = 81B3834D230AC84D001D4AAD /* Project object */;
			proxyType = 1;
			remoteGlobalIDString = 81B38354230AC84D001D4AAD;
			remoteInfo = BookArchive;
		};
/* End PBXContainerItemProxy section */

/* Begin PBXFileReference section */
		01845F21F0CD7D9915EEF9E0 /* Pods-BookArchive.debug.xcconfig */ = {isa = PBXFileReference; includeInIndex = 1; lastKnownFileType = text.xcconfig; name = "Pods-BookArchive.debug.xcconfig"; path = "Target Support Files/Pods-BookArchive/Pods-BookArchive.debug.xcconfig"; sourceTree = "<group>"; };
		0AF82D3AD2ECB91E311927B5 /* libPods-BookArchive.a */ = {isa = PBXFileReference; explicitFileType = archive.ar; includeInIndex = 0; path = "libPods-BookArchive.a"; sourceTree = BUILT_PRODUCTS_DIR; };
		0CB9BFFB6FB1C553106C9113 /* Pods-BookArchiveTests.debug.xcconfig */ = {isa = PBXFileReference; includeInIndex = 1; lastKnownFileType = text.xcconfig; name = "Pods-BookArchiveTests.debug.xcconfig"; path = "Target Support Files/Pods-BookArchiveTests/Pods-BookArchiveTests.debug.xcconfig"; sourceTree = "<group>"; };
		6220A164A8C941D2209FAD2E /* Pods-BookArchiveUITests.debug.xcconfig */ = {isa = PBXFileReference; includeInIndex = 1; lastKnownFileType = text.xcconfig; name = "Pods-BookArchiveUITests.debug.xcconfig"; path = "Target Support Files/Pods-BookArchiveUITests/Pods-BookArchiveUITests.debug.xcconfig"; sourceTree = "<group>"; };
		81B38355230AC84D001D4AAD /* BookArchive.app */ = {isa = PBXFileReference; explicitFileType = wrapper.application; includeInIndex = 0; path = BookArchive.app; sourceTree = BUILT_PRODUCTS_DIR; };
		81B38358230AC84D001D4AAD /* AppDelegate.swift */ = {isa = PBXFileReference; lastKnownFileType = sourcecode.swift; path = AppDelegate.swift; sourceTree = "<group>"; };
		81B3835A230AC84D001D4AAD /* HomeViewController.swift */ = {isa = PBXFileReference; lastKnownFileType = sourcecode.swift; path = HomeViewController.swift; sourceTree = "<group>"; };
		81B3835D230AC84D001D4AAD /* Base */ = {isa = PBXFileReference; lastKnownFileType = file.storyboard; name = Base; path = Base.lproj/Main.storyboard; sourceTree = "<group>"; };
		81B3835F230AC84F001D4AAD /* Assets.xcassets */ = {isa = PBXFileReference; lastKnownFileType = folder.assetcatalog; path = Assets.xcassets; sourceTree = "<group>"; };
		81B38362230AC84F001D4AAD /* Base */ = {isa = PBXFileReference; lastKnownFileType = file.storyboard; name = Base; path = Base.lproj/LaunchScreen.storyboard; sourceTree = "<group>"; };
		81B38364230AC84F001D4AAD /* Info.plist */ = {isa = PBXFileReference; lastKnownFileType = text.plist.xml; path = Info.plist; sourceTree = "<group>"; };
		81B38369230AC84F001D4AAD /* BookArchiveTests.xctest */ = {isa = PBXFileReference; explicitFileType = wrapper.cfbundle; includeInIndex = 0; path = BookArchiveTests.xctest; sourceTree = BUILT_PRODUCTS_DIR; };
		81B3836D230AC84F001D4AAD /* BookArchiveTests.swift */ = {isa = PBXFileReference; lastKnownFileType = sourcecode.swift; path = BookArchiveTests.swift; sourceTree = "<group>"; };
		81B3836F230AC84F001D4AAD /* Info.plist */ = {isa = PBXFileReference; lastKnownFileType = text.plist.xml; path = Info.plist; sourceTree = "<group>"; };
		81B38374230AC84F001D4AAD /* BookArchiveUITests.xctest */ = {isa = PBXFileReference; explicitFileType = wrapper.cfbundle; includeInIndex = 0; path = BookArchiveUITests.xctest; sourceTree = BUILT_PRODUCTS_DIR; };
		81B38378230AC84F001D4AAD /* BookArchiveUITests.swift */ = {isa = PBXFileReference; lastKnownFileType = sourcecode.swift; path = BookArchiveUITests.swift; sourceTree = "<group>"; };
		81B3837A230AC84F001D4AAD /* Info.plist */ = {isa = PBXFileReference; lastKnownFileType = text.plist.xml; path = Info.plist; sourceTree = "<group>"; };
		81B383C1230ACC18001D4AAD /* ListViewController.swift */ = {isa = PBXFileReference; lastKnownFileType = sourcecode.swift; path = ListViewController.swift; sourceTree = "<group>"; };
		81B383C3230ACC26001D4AAD /* DetailViewController.swift */ = {isa = PBXFileReference; lastKnownFileType = sourcecode.swift; path = DetailViewController.swift; sourceTree = "<group>"; };
		81B383C7230BC5D0001D4AAD /* BookModel.swift */ = {isa = PBXFileReference; lastKnownFileType = sourcecode.swift; path = BookModel.swift; sourceTree = "<group>"; };
		81B383CA230BDB95001D4AAD /* APICallInterface.swift */ = {isa = PBXFileReference; lastKnownFileType = sourcecode.swift; path = APICallInterface.swift; sourceTree = "<group>"; };
		81B383CE230D5BD8001D4AAD /* DataFetcher.swift */ = {isa = PBXFileReference; lastKnownFileType = sourcecode.swift; path = DataFetcher.swift; sourceTree = "<group>"; };
		81B383D1230D5DE6001D4AAD /* HomeViewModel.swift */ = {isa = PBXFileReference; lastKnownFileType = sourcecode.swift; path = HomeViewModel.swift; sourceTree = "<group>"; };
		B209A910B11FE1CE1897AE0F /* libPods-BookArchiveTests.a */ = {isa = PBXFileReference; explicitFileType = archive.ar; includeInIndex = 0; path = "libPods-BookArchiveTests.a"; sourceTree = BUILT_PRODUCTS_DIR; };
		B74DF5CCCAAD1858479BF8B4 /* Pods-BookArchiveTests.release.xcconfig */ = {isa = PBXFileReference; includeInIndex = 1; lastKnownFileType = text.xcconfig; name = "Pods-BookArchiveTests.release.xcconfig"; path = "Target Support Files/Pods-BookArchiveTests/Pods-BookArchiveTests.release.xcconfig"; sourceTree = "<group>"; };
		C229E08ADB96F13AF519A286 /* Pods-BookArchiveUITests.release.xcconfig */ = {isa = PBXFileReference; includeInIndex = 1; lastKnownFileType = text.xcconfig; name = "Pods-BookArchiveUITests.release.xcconfig"; path = "Target Support Files/Pods-BookArchiveUITests/Pods-BookArchiveUITests.release.xcconfig"; sourceTree = "<group>"; };
		CD9EC0620869C7B6FB12D64D /* libPods-BookArchiveUITests.a */ = {isa = PBXFileReference; explicitFileType = archive.ar; includeInIndex = 0; path = "libPods-BookArchiveUITests.a"; sourceTree = BUILT_PRODUCTS_DIR; };
		E3FC8F61320658AE9A867330 /* Pods-BookArchive.release.xcconfig */ = {isa = PBXFileReference; includeInIndex = 1; lastKnownFileType = text.xcconfig; name = "Pods-BookArchive.release.xcconfig"; path = "Target Support Files/Pods-BookArchive/Pods-BookArchive.release.xcconfig"; sourceTree = "<group>"; };
/* End PBXFileReference section */

/* Begin PBXFrameworksBuildPhase section */
		81B38352230AC84D001D4AAD /* Frameworks */ = {
			isa = PBXFrameworksBuildPhase;
			buildActionMask = 2147483647;
			files = (
				DD9ACB47E43716B8607ACB76 /* libPods-BookArchive.a in Frameworks */,
			);
			runOnlyForDeploymentPostprocessing = 0;
		};
		81B38366230AC84F001D4AAD /* Frameworks */ = {
			isa = PBXFrameworksBuildPhase;
			buildActionMask = 2147483647;
			files = (
				A1FE401F3C77DB76C87B02F7 /* libPods-BookArchiveTests.a in Frameworks */,
			);
			runOnlyForDeploymentPostprocessing = 0;
		};
		81B38371230AC84F001D4AAD /* Frameworks */ = {
			isa = PBXFrameworksBuildPhase;
			buildActionMask = 2147483647;
			files = (
				4E8AE8C7767EDA7DB37468DD /* libPods-BookArchiveUITests.a in Frameworks */,
			);
			runOnlyForDeploymentPostprocessing = 0;
		};
/* End PBXFrameworksBuildPhase section */

/* Begin PBXGroup section */
		59435FA35B1E1DB8E129E2B7 /* Pods */ = {
			isa = PBXGroup;
			children = (
				01845F21F0CD7D9915EEF9E0 /* Pods-BookArchive.debug.xcconfig */,
				E3FC8F61320658AE9A867330 /* Pods-BookArchive.release.xcconfig */,
				0CB9BFFB6FB1C553106C9113 /* Pods-BookArchiveTests.debug.xcconfig */,
				B74DF5CCCAAD1858479BF8B4 /* Pods-BookArchiveTests.release.xcconfig */,
				6220A164A8C941D2209FAD2E /* Pods-BookArchiveUITests.debug.xcconfig */,
				C229E08ADB96F13AF519A286 /* Pods-BookArchiveUITests.release.xcconfig */,
			);
			path = Pods;
			sourceTree = "<group>";
		};
		81B3834C230AC84D001D4AAD = {
			isa = PBXGroup;
			children = (
				81B38357230AC84D001D4AAD /* BookArchive */,
				81B3836C230AC84F001D4AAD /* BookArchiveTests */,
				81B38377230AC84F001D4AAD /* BookArchiveUITests */,
				81B38356230AC84D001D4AAD /* Products */,
				59435FA35B1E1DB8E129E2B7 /* Pods */,
				E04E9BC42DB37E2352ADC006 /* Frameworks */,
			);
			sourceTree = "<group>";
		};
		81B38356230AC84D001D4AAD /* Products */ = {
			isa = PBXGroup;
			children = (
				81B38355230AC84D001D4AAD /* BookArchive.app */,
				81B38369230AC84F001D4AAD /* BookArchiveTests.xctest */,
				81B38374230AC84F001D4AAD /* BookArchiveUITests.xctest */,
			);
			name = Products;
			sourceTree = "<group>";
		};
		81B38357230AC84D001D4AAD /* BookArchive */ = {
			isa = PBXGroup;
			children = (
				81B38358230AC84D001D4AAD /* AppDelegate.swift */,
				81B3835C230AC84D001D4AAD /* Main.storyboard */,
				81B383C0230ACBDC001D4AAD /* ViewController */,
				81B383D0230D5DCB001D4AAD /* ViewModel */,
				81B383C6230BC5B0001D4AAD /* Model */,
				81B383C9230BDB63001D4AAD /* DataInterface */,
				81B3835F230AC84F001D4AAD /* Assets.xcassets */,
				81B38361230AC84F001D4AAD /* LaunchScreen.storyboard */,
				81B38364230AC84F001D4AAD /* Info.plist */,
			);
			path = BookArchive;
			sourceTree = "<group>";
		};
		81B3836C230AC84F001D4AAD /* BookArchiveTests */ = {
			isa = PBXGroup;
			children = (
				81B3836D230AC84F001D4AAD /* BookArchiveTests.swift */,
				81B3836F230AC84F001D4AAD /* Info.plist */,
			);
			path = BookArchiveTests;
			sourceTree = "<group>";
		};
		81B38377230AC84F001D4AAD /* BookArchiveUITests */ = {
			isa = PBXGroup;
			children = (
				81B38378230AC84F001D4AAD /* BookArchiveUITests.swift */,
				81B3837A230AC84F001D4AAD /* Info.plist */,
			);
			path = BookArchiveUITests;
			sourceTree = "<group>";
		};
		81B383C0230ACBDC001D4AAD /* ViewController */ = {
			isa = PBXGroup;
			children = (
				81B3835A230AC84D001D4AAD /* HomeViewController.swift */,
				81B383C1230ACC18001D4AAD /* ListViewController.swift */,
				81B383C3230ACC26001D4AAD /* DetailViewController.swift */,
			);
			path = ViewController;
			sourceTree = "<group>";
		};
		81B383C6230BC5B0001D4AAD /* Model */ = {
			isa = PBXGroup;
			children = (
				81B383C7230BC5D0001D4AAD /* BookModel.swift */,
			);
			path = Model;
			sourceTree = "<group>";
		};
		81B383C9230BDB63001D4AAD /* DataInterface */ = {
			isa = PBXGroup;
			children = (
				81B383CA230BDB95001D4AAD /* APICallInterface.swift */,
				81B383CE230D5BD8001D4AAD /* DataFetcher.swift */,
			);
			path = DataInterface;
			sourceTree = "<group>";
		};
		81B383D0230D5DCB001D4AAD /* ViewModel */ = {
			isa = PBXGroup;
			children = (
				81B383D1230D5DE6001D4AAD /* HomeViewModel.swift */,
			);
			path = ViewModel;
			sourceTree = "<group>";
		};
		E04E9BC42DB37E2352ADC006 /* Frameworks */ = {
			isa = PBXGroup;
			children = (
				0AF82D3AD2ECB91E311927B5 /* libPods-BookArchive.a */,
				B209A910B11FE1CE1897AE0F /* libPods-BookArchiveTests.a */,
				CD9EC0620869C7B6FB12D64D /* libPods-BookArchiveUITests.a */,
			);
			name = Frameworks;
			sourceTree = "<group>";
		};
/* End PBXGroup section */

/* Begin PBXNativeTarget section */
		81B38354230AC84D001D4AAD /* BookArchive */ = {
			isa = PBXNativeTarget;
			buildConfigurationList = 81B3837D230AC84F001D4AAD /* Build configuration list for PBXNativeTarget "BookArchive" */;
			buildPhases = (
				8852DC9A0F26D9E3670E4432 /* [CP] Check Pods Manifest.lock */,
				81B38351230AC84D001D4AAD /* Sources */,
				81B38352230AC84D001D4AAD /* Frameworks */,
				81B38353230AC84D001D4AAD /* Resources */,
			);
			buildRules = (
			);
			dependencies = (
			);
			name = BookArchive;
			productName = BookArchive;
			productReference = 81B38355230AC84D001D4AAD /* BookArchive.app */;
			productType = "com.apple.product-type.application";
		};
		81B38368230AC84F001D4AAD /* BookArchiveTests */ = {
			isa = PBXNativeTarget;
			buildConfigurationList = 81B38380230AC84F001D4AAD /* Build configuration list for PBXNativeTarget "BookArchiveTests" */;
			buildPhases = (
				031BC962F440FE4B2E4BD854 /* [CP] Check Pods Manifest.lock */,
				81B38365230AC84F001D4AAD /* Sources */,
				81B38366230AC84F001D4AAD /* Frameworks */,
				81B38367230AC84F001D4AAD /* Resources */,
			);
			buildRules = (
			);
			dependencies = (
				81B3836B230AC84F001D4AAD /* PBXTargetDependency */,
			);
			name = BookArchiveTests;
			productName = BookArchiveTests;
			productReference = 81B38369230AC84F001D4AAD /* BookArchiveTests.xctest */;
			productType = "com.apple.product-type.bundle.unit-test";
		};
		81B38373230AC84F001D4AAD /* BookArchiveUITests */ = {
			isa = PBXNativeTarget;
			buildConfigurationList = 81B38383230AC84F001D4AAD /* Build configuration list for PBXNativeTarget "BookArchiveUITests" */;
			buildPhases = (
				23AA3407C6809771E042B1F3 /* [CP] Check Pods Manifest.lock */,
				81B38370230AC84F001D4AAD /* Sources */,
				81B38371230AC84F001D4AAD /* Frameworks */,
				81B38372230AC84F001D4AAD /* Resources */,
			);
			buildRules = (
			);
			dependencies = (
				81B38376230AC84F001D4AAD /* PBXTargetDependency */,
			);
			name = BookArchiveUITests;
			productName = BookArchiveUITests;
			productReference = 81B38374230AC84F001D4AAD /* BookArchiveUITests.xctest */;
			productType = "com.apple.product-type.bundle.ui-testing";
		};
/* End PBXNativeTarget section */

/* Begin PBXProject section */
		81B3834D230AC84D001D4AAD /* Project object */ = {
			isa = PBXProject;
			attributes = {
				LastSwiftUpdateCheck = 1020;
				LastUpgradeCheck = 1020;
				ORGANIZATIONNAME = "Aradhana Verma";
				TargetAttributes = {
					81B38354230AC84D001D4AAD = {
						CreatedOnToolsVersion = 10.2;
					};
					81B38368230AC84F001D4AAD = {
						CreatedOnToolsVersion = 10.2;
						TestTargetID = 81B38354230AC84D001D4AAD;
					};
					81B38373230AC84F001D4AAD = {
						CreatedOnToolsVersion = 10.2;
						TestTargetID = 81B38354230AC84D001D4AAD;
					};
				};
			};
			buildConfigurationList = 81B38350230AC84D001D4AAD /* Build configuration list for PBXProject "BookArchive" */;
			compatibilityVersion = "Xcode 9.3";
			developmentRegion = en;
			hasScannedForEncodings = 0;
			knownRegions = (
				en,
				Base,
			);
			mainGroup = 81B3834C230AC84D001D4AAD;
			productRefGroup = 81B38356230AC84D001D4AAD /* Products */;
			projectDirPath = "";
			projectRoot = "";
			targets = (
				81B38354230AC84D001D4AAD /* BookArchive */,
				81B38368230AC84F001D4AAD /* BookArchiveTests */,
				81B38373230AC84F001D4AAD /* BookArchiveUITests */,
			);
		};
/* End PBXProject section */

/* Begin PBXResourcesBuildPhase section */
		81B38353230AC84D001D4AAD /* Resources */ = {
			isa = PBXResourcesBuildPhase;
			buildActionMask = 2147483647;
			files = (
				81B38363230AC84F001D4AAD /* LaunchScreen.storyboard in Resources */,
				81B38360230AC84F001D4AAD /* Assets.xcassets in Resources */,
				81B3835E230AC84D001D4AAD /* Main.storyboard in Resources */,
			);
			runOnlyForDeploymentPostprocessing = 0;
		};
		81B38367230AC84F001D4AAD /* Resources */ = {
			isa = PBXResourcesBuildPhase;
			buildActionMask = 2147483647;
			files = (
			);
			runOnlyForDeploymentPostprocessing = 0;
		};
		81B38372230AC84F001D4AAD /* Resources */ = {
			isa = PBXResourcesBuildPhase;
			buildActionMask = 2147483647;
			files = (
			);
			runOnlyForDeploymentPostprocessing = 0;
		};
/* End PBXResourcesBuildPhase section */

/* Begin PBXShellScriptBuildPhase section */
		031BC962F440FE4B2E4BD854 /* [CP] Check Pods Manifest.lock */ = {
			isa = PBXShellScriptBuildPhase;
			buildActionMask = 2147483647;
			files = (
			);
			inputFileListPaths = (
			);
			inputPaths = (
				"${PODS_PODFILE_DIR_PATH}/Podfile.lock",
				"${PODS_ROOT}/Manifest.lock",
			);
			name = "[CP] Check Pods Manifest.lock";
			outputFileListPaths = (
			);
			outputPaths = (
				"$(DERIVED_FILE_DIR)/Pods-BookArchiveTests-checkManifestLockResult.txt",
			);
			runOnlyForDeploymentPostprocessing = 0;
			shellPath = /bin/sh;
			shellScript = "diff \"${PODS_PODFILE_DIR_PATH}/Podfile.lock\" \"${PODS_ROOT}/Manifest.lock\" > /dev/null\nif [ $? != 0 ] ; then\n    # print error to STDERR\n    echo \"error: The sandbox is not in sync with the Podfile.lock. Run 'pod install' or update your CocoaPods installation.\" >&2\n    exit 1\nfi\n# This output is used by Xcode 'outputs' to avoid re-running this script phase.\necho \"SUCCESS\" > \"${SCRIPT_OUTPUT_FILE_0}\"\n";
			showEnvVarsInLog = 0;
		};
		23AA3407C6809771E042B1F3 /* [CP] Check Pods Manifest.lock */ = {
			isa = PBXShellScriptBuildPhase;
			buildActionMask = 2147483647;
			files = (
			);
			inputFileListPaths = (
			);
			inputPaths = (
				"${PODS_PODFILE_DIR_PATH}/Podfile.lock",
				"${PODS_ROOT}/Manifest.lock",
			);
			name = "[CP] Check Pods Manifest.lock";
			outputFileListPaths = (
			);
			outputPaths = (
				"$(DERIVED_FILE_DIR)/Pods-BookArchiveUITests-checkManifestLockResult.txt",
			);
			runOnlyForDeploymentPostprocessing = 0;
			shellPath = /bin/sh;
			shellScript = "diff \"${PODS_PODFILE_DIR_PATH}/Podfile.lock\" \"${PODS_ROOT}/Manifest.lock\" > /dev/null\nif [ $? != 0 ] ; then\n    # print error to STDERR\n    echo \"error: The sandbox is not in sync with the Podfile.lock. Run 'pod install' or update your CocoaPods installation.\" >&2\n    exit 1\nfi\n# This output is used by Xcode 'outputs' to avoid re-running this script phase.\necho \"SUCCESS\" > \"${SCRIPT_OUTPUT_FILE_0}\"\n";
			showEnvVarsInLog = 0;
		};
		8852DC9A0F26D9E3670E4432 /* [CP] Check Pods Manifest.lock */ = {
			isa = PBXShellScriptBuildPhase;
			buildActionMask = 2147483647;
			files = (
			);
			inputFileListPaths = (
			);
			inputPaths = (
				"${PODS_PODFILE_DIR_PATH}/Podfile.lock",
				"${PODS_ROOT}/Manifest.lock",
			);
			name = "[CP] Check Pods Manifest.lock";
			outputFileListPaths = (
			);
			outputPaths = (
				"$(DERIVED_FILE_DIR)/Pods-BookArchive-checkManifestLockResult.txt",
			);
			runOnlyForDeploymentPostprocessing = 0;
			shellPath = /bin/sh;
			shellScript = "diff \"${PODS_PODFILE_DIR_PATH}/Podfile.lock\" \"${PODS_ROOT}/Manifest.lock\" > /dev/null\nif [ $? != 0 ] ; then\n    # print error to STDERR\n    echo \"error: The sandbox is not in sync with the Podfile.lock. Run 'pod install' or update your CocoaPods installation.\" >&2\n    exit 1\nfi\n# This output is used by Xcode 'outputs' to avoid re-running this script phase.\necho \"SUCCESS\" > \"${SCRIPT_OUTPUT_FILE_0}\"\n";
			showEnvVarsInLog = 0;
		};
/* End PBXShellScriptBuildPhase section */

/* Begin PBXSourcesBuildPhase section */
		81B38351230AC84D001D4AAD /* Sources */ = {
			isa = PBXSourcesBuildPhase;
			buildActionMask = 2147483647;
			files = (
				81B383C8230BC5D0001D4AAD /* BookModel.swift in Sources */,
				81B383CB230BDB95001D4AAD /* APICallInterface.swift in Sources */,
				81B3835B230AC84D001D4AAD /* HomeViewController.swift in Sources */,
				81B383D2230D5DE6001D4AAD /* HomeViewModel.swift in Sources */,
				81B38359230AC84D001D4AAD /* AppDelegate.swift in Sources */,
				81B383C2230ACC18001D4AAD /* ListViewController.swift in Sources */,
				81B383CF230D5BD8001D4AAD /* DataFetcher.swift in Sources */,
				81B383C4230ACC26001D4AAD /* DetailViewController.swift in Sources */,
			);
			runOnlyForDeploymentPostprocessing = 0;
		};
		81B38365230AC84F001D4AAD /* Sources */ = {
			isa = PBXSourcesBuildPhase;
			buildActionMask = 2147483647;
			files = (
				81B3836E230AC84F001D4AAD /* BookArchiveTests.swift in Sources */,
			);
			runOnlyForDeploymentPostprocessing = 0;
		};
		81B38370230AC84F001D4AAD /* Sources */ = {
			isa = PBXSourcesBuildPhase;
			buildActionMask = 2147483647;
			files = (
				81B38379230AC84F001D4AAD /* BookArchiveUITests.swift in Sources */,
			);
			runOnlyForDeploymentPostprocessing = 0;
		};
/* End PBXSourcesBuildPhase section */

/* Begin PBXTargetDependency section */
		81B3836B230AC84F001D4AAD /* PBXTargetDependency */ = {
			isa = PBXTargetDependency;
			target = 81B38354230AC84D001D4AAD /* BookArchive */;
			targetProxy = 81B3836A230AC84F001D4AAD /* PBXContainerItemProxy */;
		};
		81B38376230AC84F001D4AAD /* PBXTargetDependency */ = {
			isa = PBXTargetDependency;
			target = 81B38354230AC84D001D4AAD /* BookArchive */;
			targetProxy = 81B38375230AC84F001D4AAD /* PBXContainerItemProxy */;
		};
/* End PBXTargetDependency section */

/* Begin PBXVariantGroup section */
		81B3835C230AC84D001D4AAD /* Main.storyboard */ = {
			isa = PBXVariantGroup;
			children = (
				81B3835D230AC84D001D4AAD /* Base */,
			);
			name = Main.storyboard;
			sourceTree = "<group>";
		};
		81B38361230AC84F001D4AAD /* LaunchScreen.storyboard */ = {
			isa = PBXVariantGroup;
			children = (
				81B38362230AC84F001D4AAD /* Base */,
			);
			name = LaunchScreen.storyboard;
			sourceTree = "<group>";
		};
/* End PBXVariantGroup section */

/* Begin XCBuildConfiguration section */
		81B3837B230AC84F001D4AAD /* Debug */ = {
			isa = XCBuildConfiguration;
			buildSettings = {
				ALWAYS_SEARCH_USER_PATHS = NO;
				CLANG_ANALYZER_NONNULL = YES;
				CLANG_ANALYZER_NUMBER_OBJECT_CONVERSION = YES_AGGRESSIVE;
				CLANG_CXX_LANGUAGE_STANDARD = "gnu++14";
				CLANG_CXX_LIBRARY = "libc++";
				CLANG_ENABLE_MODULES = YES;
				CLANG_ENABLE_OBJC_ARC = YES;
				CLANG_ENABLE_OBJC_WEAK = YES;
				CLANG_WARN_BLOCK_CAPTURE_AUTORELEASING = YES;
				CLANG_WARN_BOOL_CONVERSION = YES;
				CLANG_WARN_COMMA = YES;
				CLANG_WARN_CONSTANT_CONVERSION = YES;
				CLANG_WARN_DEPRECATED_OBJC_IMPLEMENTATIONS = YES;
				CLANG_WARN_DIRECT_OBJC_ISA_USAGE = YES_ERROR;
				CLANG_WARN_DOCUMENTATION_COMMENTS = YES;
				CLANG_WARN_EMPTY_BODY = YES;
				CLANG_WARN_ENUM_CONVERSION = YES;
				CLANG_WARN_INFINITE_RECURSION = YES;
				CLANG_WARN_INT_CONVERSION = YES;
				CLANG_WARN_NON_LITERAL_NULL_CONVERSION = YES;
				CLANG_WARN_OBJC_IMPLICIT_RETAIN_SELF = YES;
				CLANG_WARN_OBJC_LITERAL_CONVERSION = YES;
				CLANG_WARN_OBJC_ROOT_CLASS = YES_ERROR;
				CLANG_WARN_RANGE_LOOP_ANALYSIS = YES;
				CLANG_WARN_STRICT_PROTOTYPES = YES;
				CLANG_WARN_SUSPICIOUS_MOVE = YES;
				CLANG_WARN_UNGUARDED_AVAILABILITY = YES_AGGRESSIVE;
				CLANG_WARN_UNREACHABLE_CODE = YES;
				CLANG_WARN__DUPLICATE_METHOD_MATCH = YES;
				CODE_SIGN_IDENTITY = "iPhone Developer";
				COPY_PHASE_STRIP = NO;
				DEBUG_INFORMATION_FORMAT = dwarf;
				ENABLE_STRICT_OBJC_MSGSEND = YES;
				ENABLE_TESTABILITY = YES;
				GCC_C_LANGUAGE_STANDARD = gnu11;
				GCC_DYNAMIC_NO_PIC = NO;
				GCC_NO_COMMON_BLOCKS = YES;
				GCC_OPTIMIZATION_LEVEL = 0;
				GCC_PREPROCESSOR_DEFINITIONS = (
					"DEBUG=1",
					"$(inherited)",
				);
				GCC_WARN_64_TO_32_BIT_CONVERSION = YES;
				GCC_WARN_ABOUT_RETURN_TYPE = YES_ERROR;
				GCC_WARN_UNDECLARED_SELECTOR = YES;
				GCC_WARN_UNINITIALIZED_AUTOS = YES_AGGRESSIVE;
				GCC_WARN_UNUSED_FUNCTION = YES;
				GCC_WARN_UNUSED_VARIABLE = YES;
				IPHONEOS_DEPLOYMENT_TARGET = 12.2;
				MTL_ENABLE_DEBUG_INFO = INCLUDE_SOURCE;
				MTL_FAST_MATH = YES;
				ONLY_ACTIVE_ARCH = YES;
				SDKROOT = iphoneos;
				SWIFT_ACTIVE_COMPILATION_CONDITIONS = DEBUG;
				SWIFT_OPTIMIZATION_LEVEL = "-Onone";
			};
			name = Debug;
		};
		81B3837C230AC84F001D4AAD /* Release */ = {
			isa = XCBuildConfiguration;
			buildSettings = {
				ALWAYS_SEARCH_USER_PATHS = NO;
				CLANG_ANALYZER_NONNULL = YES;
				CLANG_ANALYZER_NUMBER_OBJECT_CONVERSION = YES_AGGRESSIVE;
				CLANG_CXX_LANGUAGE_STANDARD = "gnu++14";
				CLANG_CXX_LIBRARY = "libc++";
				CLANG_ENABLE_MODULES = YES;
				CLANG_ENABLE_OBJC_ARC = YES;
				CLANG_ENABLE_OBJC_WEAK = YES;
				CLANG_WARN_BLOCK_CAPTURE_AUTORELEASING = YES;
				CLANG_WARN_BOOL_CONVERSION = YES;
				CLANG_WARN_COMMA = YES;
				CLANG_WARN_CONSTANT_CONVERSION = YES;
				CLANG_WARN_DEPRECATED_OBJC_IMPLEMENTATIONS = YES;
				CLANG_WARN_DIRECT_OBJC_ISA_USAGE = YES_ERROR;
				CLANG_WARN_DOCUMENTATION_COMMENTS = YES;
				CLANG_WARN_EMPTY_BODY = YES;
				CLANG_WARN_ENUM_CONVERSION = YES;
				CLANG_WARN_INFINITE_RECURSION = YES;
				CLANG_WARN_INT_CONVERSION = YES;
				CLANG_WARN_NON_LITERAL_NULL_CONVERSION = YES;
				CLANG_WARN_OBJC_IMPLICIT_RETAIN_SELF = YES;
				CLANG_WARN_OBJC_LITERAL_CONVERSION = YES;
				CLANG_WARN_OBJC_ROOT_CLASS = YES_ERROR;
				CLANG_WARN_RANGE_LOOP_ANALYSIS = YES;
				CLANG_WARN_STRICT_PROTOTYPES = YES;
				CLANG_WARN_SUSPICIOUS_MOVE = YES;
				CLANG_WARN_UNGUARDED_AVAILABILITY = YES_AGGRESSIVE;
				CLANG_WARN_UNREACHABLE_CODE = YES;
				CLANG_WARN__DUPLICATE_METHOD_MATCH = YES;
				CODE_SIGN_IDENTITY = "iPhone Developer";
				COPY_PHASE_STRIP = NO;
				DEBUG_INFORMATION_FORMAT = "dwarf-with-dsym";
				ENABLE_NS_ASSERTIONS = NO;
				ENABLE_STRICT_OBJC_MSGSEND = YES;
				GCC_C_LANGUAGE_STANDARD = gnu11;
				GCC_NO_COMMON_BLOCKS = YES;
				GCC_WARN_64_TO_32_BIT_CONVERSION = YES;
				GCC_WARN_ABOUT_RETURN_TYPE = YES_ERROR;
				GCC_WARN_UNDECLARED_SELECTOR = YES;
				GCC_WARN_UNINITIALIZED_AUTOS = YES_AGGRESSIVE;
				GCC_WARN_UNUSED_FUNCTION = YES;
				GCC_WARN_UNUSED_VARIABLE = YES;
				IPHONEOS_DEPLOYMENT_TARGET = 12.2;
				MTL_ENABLE_DEBUG_INFO = NO;
				MTL_FAST_MATH = YES;
				SDKROOT = iphoneos;
				SWIFT_COMPILATION_MODE = wholemodule;
				SWIFT_OPTIMIZATION_LEVEL = "-O";
				VALIDATE_PRODUCT = YES;
			};
			name = Release;
		};
		81B3837E230AC84F001D4AAD /* Debug */ = {
			isa = XCBuildConfiguration;
			baseConfigurationReference = 01845F21F0CD7D9915EEF9E0 /* Pods-BookArchive.debug.xcconfig */;
			buildSettings = {
				ASSETCATALOG_COMPILER_APPICON_NAME = AppIcon;
				CODE_SIGN_STYLE = Automatic;
				INFOPLIST_FILE = BookArchive/Info.plist;
				LD_RUNPATH_SEARCH_PATHS = (
					"$(inherited)",
					"@executable_path/Frameworks",
				);
				PRODUCT_BUNDLE_IDENTIFIER = com.dhana.BookArchive;
				PRODUCT_NAME = "$(TARGET_NAME)";
				SWIFT_VERSION = 5.0;
				TARGETED_DEVICE_FAMILY = "1,2";
			};
			name = Debug;
		};
		81B3837F230AC84F001D4AAD /* Release */ = {
			isa = XCBuildConfiguration;
			baseConfigurationReference = E3FC8F61320658AE9A867330 /* Pods-BookArchive.release.xcconfig */;
			buildSettings = {
				ASSETCATALOG_COMPILER_APPICON_NAME = AppIcon;
				CODE_SIGN_STYLE = Automatic;
				INFOPLIST_FILE = BookArchive/Info.plist;
				LD_RUNPATH_SEARCH_PATHS = (
					"$(inherited)",
					"@executable_path/Frameworks",
				);
				PRODUCT_BUNDLE_IDENTIFIER = com.dhana.BookArchive;
				PRODUCT_NAME = "$(TARGET_NAME)";
				SWIFT_VERSION = 5.0;
				TARGETED_DEVICE_FAMILY = "1,2";
			};
			name = Release;
		};
		81B38381230AC84F001D4AAD /* Debug */ = {
			isa = XCBuildConfiguration;
			baseConfigurationReference = 0CB9BFFB6FB1C553106C9113 /* Pods-BookArchiveTests.debug.xcconfig */;
			buildSettings = {
				ALWAYS_EMBED_SWIFT_STANDARD_LIBRARIES = YES;
				BUNDLE_LOADER = "$(TEST_HOST)";
				CODE_SIGN_STYLE = Automatic;
				INFOPLIST_FILE = BookArchiveTests/Info.plist;
				LD_RUNPATH_SEARCH_PATHS = (
					"$(inherited)",
					"@executable_path/Frameworks",
					"@loader_path/Frameworks",
				);
				PRODUCT_BUNDLE_IDENTIFIER = com.dhana.BookArchiveTests;
				PRODUCT_NAME = "$(TARGET_NAME)";
				SWIFT_VERSION = 5.0;
				TARGETED_DEVICE_FAMILY = "1,2";
				TEST_HOST = "$(BUILT_PRODUCTS_DIR)/BookArchive.app/BookArchive";
			};
			name = Debug;
		};
		81B38382230AC84F001D4AAD /* Release */ = {
			isa = XCBuildConfiguration;
			baseConfigurationReference = B74DF5CCCAAD1858479BF8B4 /* Pods-BookArchiveTests.release.xcconfig */;
			buildSettings = {
				ALWAYS_EMBED_SWIFT_STANDARD_LIBRARIES = YES;
				BUNDLE_LOADER = "$(TEST_HOST)";
				CODE_SIGN_STYLE = Automatic;
				INFOPLIST_FILE = BookArchiveTests/Info.plist;
				LD_RUNPATH_SEARCH_PATHS = (
					"$(inherited)",
					"@executable_path/Frameworks",
					"@loader_path/Frameworks",
				);
				PRODUCT_BUNDLE_IDENTIFIER = com.dhana.BookArchiveTests;
				PRODUCT_NAME = "$(TARGET_NAME)";
				SWIFT_VERSION = 5.0;
				TARGETED_DEVICE_FAMILY = "1,2";
				TEST_HOST = "$(BUILT_PRODUCTS_DIR)/BookArchive.app/BookArchive";
			};
			name = Release;
		};
		81B38384230AC84F001D4AAD /* Debug */ = {
			isa = XCBuildConfiguration;
			baseConfigurationReference = 6220A164A8C941D2209FAD2E /* Pods-BookArchiveUITests.debug.xcconfig */;
			buildSettings = {
				ALWAYS_EMBED_SWIFT_STANDARD_LIBRARIES = YES;
				CODE_SIGN_STYLE = Automatic;
				INFOPLIST_FILE = BookArchiveUITests/Info.plist;
				LD_RUNPATH_SEARCH_PATHS = (
					"$(inherited)",
					"@executable_path/Frameworks",
					"@loader_path/Frameworks",
				);
				PRODUCT_BUNDLE_IDENTIFIER = com.dhana.BookArchiveUITests;
				PRODUCT_NAME = "$(TARGET_NAME)";
				SWIFT_VERSION = 5.0;
				TARGETED_DEVICE_FAMILY = "1,2";
				TEST_TARGET_NAME = BookArchive;
			};
			name = Debug;
		};
		81B38385230AC84F001D4AAD /* Release */ = {
			isa = XCBuildConfiguration;
			baseConfigurationReference = C229E08ADB96F13AF519A286 /* Pods-BookArchiveUITests.release.xcconfig */;
			buildSettings = {
				ALWAYS_EMBED_SWIFT_STANDARD_LIBRARIES = YES;
				CODE_SIGN_STYLE = Automatic;
				INFOPLIST_FILE = BookArchiveUITests/Info.plist;
				LD_RUNPATH_SEARCH_PATHS = (
					"$(inherited)",
					"@executable_path/Frameworks",
					"@loader_path/Frameworks",
				);
				PRODUCT_BUNDLE_IDENTIFIER = com.dhana.BookArchiveUITests;
				PRODUCT_NAME = "$(TARGET_NAME)";
				SWIFT_VERSION = 5.0;
				TARGETED_DEVICE_FAMILY = "1,2";
				TEST_TARGET_NAME = BookArchive;
			};
			name = Release;
		};
/* End XCBuildConfiguration section */

/* Begin XCConfigurationList section */
		81B38350230AC84D001D4AAD /* Build configuration list for PBXProject "BookArchive" */ = {
			isa = XCConfigurationList;
			buildConfigurations = (
				81B3837B230AC84F001D4AAD /* Debug */,
				81B3837C230AC84F001D4AAD /* Release */,
			);
			defaultConfigurationIsVisible = 0;
			defaultConfigurationName = Release;
		};
		81B3837D230AC84F001D4AAD /* Build configuration list for PBXNativeTarget "BookArchive" */ = {
			isa = XCConfigurationList;
			buildConfigurations = (
				81B3837E230AC84F001D4AAD /* Debug */,
				81B3837F230AC84F001D4AAD /* Release */,
			);
			defaultConfigurationIsVisible = 0;
			defaultConfigurationName = Release;
		};
		81B38380230AC84F001D4AAD /* Build configuration list for PBXNativeTarget "BookArchiveTests" */ = {
			isa = XCConfigurationList;
			buildConfigurations = (
				81B38381230AC84F001D4AAD /* Debug */,
				81B38382230AC84F001D4AAD /* Release */,
			);
			defaultConfigurationIsVisible = 0;
			defaultConfigurationName = Release;
		};
		81B38383230AC84F001D4AAD /* Build configuration list for PBXNativeTarget "BookArchiveUITests" */ = {
			isa = XCConfigurationList;
			buildConfigurations = (
				81B38384230AC84F001D4AAD /* Debug */,
				81B38385230AC84F001D4AAD /* Release */,
			);
			defaultConfigurationIsVisible = 0;
			defaultConfigurationName = Release;
		};
/* End XCConfigurationList section */
	};
	rootObject = 81B3834D230AC84D001D4AAD /* Project object */;
}
